
Microsoft Visual Studio Solution File, Format Version 12.00
# Visual Studio Version 17
VisualStudioVersion = 17.1.32127.271
MinimumVisualStudioVersion = 10.0.40219.1
Project("{FAE04EC0-301F-11D3-BF4B-00C04F79EFBC}") = "Arcade.Beg", "Arcade.Beg\Arcade.Beg.csproj", "{EDB275F1-79ED-42F1-A5EE-7F7370C87011}"
EndProject
Global
	GlobalSection(SolutionConfigurationPlatforms) = preSolution
		Debug|Any CPU = Debug|Any CPU
		Release|Any CPU = Release|Any CPU
	EndGlobalSection
	GlobalSection(ProjectConfigurationPlatforms) = postSolution
		{EDB275F1-79ED-42F1-A5EE-7F7370C87011}.Debug|Any CPU.ActiveCfg = Debug|Any CPU
		{EDB275F1-79ED-42F1-A5EE-7F7370C87011}.Debug|Any CPU.Build.0 = Debug|Any CPU
		{EDB275F1-79ED-42F1-A5EE-7F7370C87011}.Release|Any CPU.ActiveCfg = Release|Any CPU
		{EDB275F1-79ED-42F1-A5EE-7F7370C87011}.Release|Any CPU.Build.0 = Release|Any CPU
	EndGlobalSection
	GlobalSection(SolutionProperties) = preSolution
		HideSolutionNode = FALSE
	EndGlobalSection
	GlobalSection(ExtensibilityGlobals) = postSolution
		SolutionGuid = {9587D56C-374E-4268-A71C-6A8E177B7A8A}
	EndGlobalSection
EndGlobal
